{
  "originHash" : "0bc4c7c5a1a2f647b078fda748ff6ff59048281de8cb5f20efbb9d09288b3b48",
  "pins" : [
    {
      "identity" : "sbdomain",
      "kind" : "remoteSourceControl",
      "location" : "https://github.com/near22boju/sbdomain.git",
      "state" : {
        "revision" : "845f8fa3a2bbb429bca067b280a85856580ea382",
        "version" : "1.0.0"
      }
    }
  ],
  "version" : 3
}
